
Microsoft Visual Studio Solution File, Format Version 12.00
# Visual Studio Version 17
VisualStudioVersion = 17.10.35013.160
MinimumVisualStudioVersion = 10.0.40219.1
Project("{FAE04EC0-301F-11D3-BF4B-00C04F79EFBC}") = "Taschenrechner.WinForms", "Taschenrechner.WinForms\Taschenrechner.WinForms.csproj", "{23E9795C-4218-4DA3-B8E6-9B4B870A0312}"
EndProject
Project("{9A19103F-16F7-4668-BE54-9A1E7A4F7556}") = "Taschenrechner.Business", "Taschenrechner.Business\Taschenrechner.Business.csproj", "{7CBDF25D-4657-4AEE-86FF-4259100F3EE9}"
EndProject
Project("{9A19103F-16F7-4668-BE54-9A1E7A4F7556}") = "Taschenrechner.Business.Test", "Taschenrechner.Business.Test\Taschenrechner.Business.Test.csproj", "{D43726DE-16A6-4254-A47A-599BBC8470AD}"
EndProject
Project("{FAE04EC0-301F-11D3-BF4B-00C04F79EFBC}") = "Taschenrechner.WebForms", "Taschenrechner.Web\Taschenrechner.WebForms.csproj", "{CCD63C42-E468-4C38-B0FA-DB4311605C1E}"
EndProject
Global
	GlobalSection(SolutionConfigurationPlatforms) = preSolution
		Debug|Any CPU = Debug|Any CPU
		Release|Any CPU = Release|Any CPU
	EndGlobalSection
	GlobalSection(ProjectConfigurationPlatforms) = postSolution
		{23E9795C-4218-4DA3-B8E6-9B4B870A0312}.Debug|Any CPU.ActiveCfg = Debug|Any CPU
		{23E9795C-4218-4DA3-B8E6-9B4B870A0312}.Debug|Any CPU.Build.0 = Debug|Any CPU
		{23E9795C-4218-4DA3-B8E6-9B4B870A0312}.Release|Any CPU.ActiveCfg = Release|Any CPU
		{23E9795C-4218-4DA3-B8E6-9B4B870A0312}.Release|Any CPU.Build.0 = Release|Any CPU
		{7CBDF25D-4657-4AEE-86FF-4259100F3EE9}.Debug|Any CPU.ActiveCfg = Debug|Any CPU
		{7CBDF25D-4657-4AEE-86FF-4259100F3EE9}.Debug|Any CPU.Build.0 = Debug|Any CPU
		{7CBDF25D-4657-4AEE-86FF-4259100F3EE9}.Release|Any CPU.ActiveCfg = Release|Any CPU
		{7CBDF25D-4657-4AEE-86FF-4259100F3EE9}.Release|Any CPU.Build.0 = Release|Any CPU
		{D43726DE-16A6-4254-A47A-599BBC8470AD}.Debug|Any CPU.ActiveCfg = Debug|Any CPU
		{D43726DE-16A6-4254-A47A-599BBC8470AD}.Debug|Any CPU.Build.0 = Debug|Any CPU
		{D43726DE-16A6-4254-A47A-599BBC8470AD}.Release|Any CPU.ActiveCfg = Release|Any CPU
		{D43726DE-16A6-4254-A47A-599BBC8470AD}.Release|Any CPU.Build.0 = Release|Any CPU
		{CCD63C42-E468-4C38-B0FA-DB4311605C1E}.Debug|Any CPU.ActiveCfg = Debug|Any CPU
		{CCD63C42-E468-4C38-B0FA-DB4311605C1E}.Debug|Any CPU.Build.0 = Debug|Any CPU
		{CCD63C42-E468-4C38-B0FA-DB4311605C1E}.Release|Any CPU.ActiveCfg = Release|Any CPU
		{CCD63C42-E468-4C38-B0FA-DB4311605C1E}.Release|Any CPU.Build.0 = Release|Any CPU
	EndGlobalSection
	GlobalSection(SolutionProperties) = preSolution
		HideSolutionNode = FALSE
	EndGlobalSection
	GlobalSection(ExtensibilityGlobals) = postSolution
		SolutionGuid = {BCF1DC7F-A20B-45EB-86C0-AF287B16C7BD}
	EndGlobalSection
EndGlobal
